
Microsoft Visual Studio Solution File, Format Version 12.00
# Visual Studio Version 17
VisualStudioVersion = 17.8.34330.188
MinimumVisualStudioVersion = 10.0.40219.1
Project("{FAE04EC0-301F-11D3-BF4B-00C04F79EFBC}") = "Utilities", "Utilities\Utilities.csproj", "{B9699C50-6C05-430F-B1C4-170B9BD6DA06}"
EndProject
Global
	GlobalSection(SolutionConfigurationPlatforms) = preSolution
		Debug|Any CPU = Debug|Any CPU
		Release|Any CPU = Release|Any CPU
	EndGlobalSection
	GlobalSection(ProjectConfigurationPlatforms) = postSolution
		{B9699C50-6C05-430F-B1C4-170B9BD6DA06}.Debug|Any CPU.ActiveCfg = Debug|Any CPU
		{B9699C50-6C05-430F-B1C4-170B9BD6DA06}.Debug|Any CPU.Build.0 = Debug|Any CPU
		{B9699C50-6C05-430F-B1C4-170B9BD6DA06}.Release|Any CPU.ActiveCfg = Release|Any CPU
		{B9699C50-6C05-430F-B1C4-170B9BD6DA06}.Release|Any CPU.Build.0 = Release|Any CPU
	EndGlobalSection
	GlobalSection(SolutionProperties) = preSolution
		HideSolutionNode = FALSE
	EndGlobalSection
	GlobalSection(ExtensibilityGlobals) = postSolution
		SolutionGuid = {DCFBAE7E-92E6-4116-865D-BC920BDBD556}
	EndGlobalSection
EndGlobal
